PODS:
  - AFNetworking (3.2.1):
    - AFNetworking/NSURLSession (= 3.2.1)
    - AFNetworking/Reachability (= 3.2.1)
    - AFNetworking/Security (= 3.2.1)
    - AFNetworking/Serialization (= 3.2.1)
    - AFNetworking/UIKit (= 3.2.1)
  - AFNetworking/NSURLSession (3.2.1):
    - AFNetworking/Reachability
    - AFNetworking/Security
    - AFNetworking/Serialization
  - AFNetworking/Reachability (3.2.1)
  - AFNetworking/Security (3.2.1)
  - AFNetworking/Serialization (3.2.1)
  - AFNetworking/UIKit (3.2.1):
    - AFNetworking/NSURLSession
  - BaiduMapKit (4.1.1)
  - Masonry (1.1.0)
  - MJExtension (3.0.15.1)
  - RongCloudIM/IMKit (2.9.2):
    - RongCloudIM/IMLib
  - RongCloudIM/IMLib (2.9.2)

DEPENDENCIES:
  - AFNetworking
  - BaiduMapKit
  - Masonry
  - MJExtension
  - RongCloudIM/IMKit
  - RongCloudIM/IMLib

SPEC REPOS:
  https://github.com/cocoapods/specs.git:
    - AFNetworking
    - BaiduMapKit
    - Masonry
    - MJExtension
    - RongCloudIM

SPEC CHECKSUMS:
  AFNetworking: b6f891fdfaed196b46c7a83cf209e09697b94057
  BaiduMapKit: 51bba432a28316680676b4d453a70e5031f3a7eb
  Masonry: 678fab65091a9290e40e2832a55e7ab731aad201
  MJExtension: 19bc33ce2eee2d319760f5622562cf581a6ff756
  RongCloudIM: fdfa42630aec09c92d6054753ea3e7a7db75bec2

PODFILE CHECKSUM: d528922d8b99ace967a8cb5c6c6d9d59048d40c8

COCOAPODS: 1.5.3
