PODS:
  - AFNetworking (3.2.1):
    - AFNetworking/NSURLSession (= 3.2.1)
    - AFNetworking/Reachability (= 3.2.1)
    - AFNetworking/Security (= 3.2.1)
    - AFNetworking/Serialization (= 3.2.1)
    - AFNetworking/UIKit (= 3.2.1)
  - AFNetworking/NSURLSession (3.2.1):
    - AFNetworking/Reachability
    - AFNetworking/Security
    - AFNetworking/Serialization
  - AFNetworking/Reachability (3.2.1)
  - AFNetworking/Security (3.2.1)
  - AFNetworking/Serialization (3.2.1)
  - AFNetworking/UIKit (3.2.1):
    - AFNetworking/NSURLSession
  - BaiduMapKit (4.1.1)
  - Masonry (1.1.0)
  - MJExtension (3.0.15.1)
  - RongCloudIM/IMKit (2.10.6):
    - RongCloudIM/IMLib
  - RongCloudIM/IMLib (2.10.6)

DEPENDENCIES:
  - AFNetworking
  - BaiduMapKit (~> 4.1.1)
  - Masonry
  - MJExtension
  - RongCloudIM/IMKit (~> 2.10.4)
  - RongCloudIM/IMLib (~> 2.10.4)

SPEC REPOS:
  trunk:
    - AFNetworking
    - BaiduMapKit
    - Masonry
    - MJExtension
    - RongCloudIM

SPEC CHECKSUMS:
  AFNetworking: b6f891fdfaed196b46c7a83cf209e09697b94057
  BaiduMapKit: 51bba432a28316680676b4d453a70e5031f3a7eb
  Masonry: 678fab65091a9290e40e2832a55e7ab731aad201
  MJExtension: 19bc33ce2eee2d319760f5622562cf581a6ff756
  RongCloudIM: b1768dcb3af90d00ce621f7de4f787285435fbe3

PODFILE CHECKSUM: 8c918b663e6ca255267d5f8695aabf881c923237

COCOAPODS: 1.9.3
